
Microsoft Visual Studio Solution File, Format Version 12.00
# Visual Studio Version 17
VisualStudioVersion = 17.5.002.0
MinimumVisualStudioVersion = 10.0.40219.1
Project("{9A19103F-16F7-4668-BE54-9A1E7A4F7556}") = "Common", "Common.csproj", "{3EC43C5A-D4CB-4E2F-80F6-26A1A36F6EAB}"
EndProject
Global
	GlobalSection(SolutionConfigurationPlatforms) = preSolution
		Debug|Any CPU = Debug|Any CPU
		Release|Any CPU = Release|Any CPU
	EndGlobalSection
	GlobalSection(ProjectConfigurationPlatforms) = postSolution
		{3EC43C5A-D4CB-4E2F-80F6-26A1A36F6EAB}.Debug|Any CPU.ActiveCfg = Debug|Any CPU
		{3EC43C5A-D4CB-4E2F-80F6-26A1A36F6EAB}.Debug|Any CPU.Build.0 = Debug|Any CPU
		{3EC43C5A-D4CB-4E2F-80F6-26A1A36F6EAB}.Release|Any CPU.ActiveCfg = Release|Any CPU
		{3EC43C5A-D4CB-4E2F-80F6-26A1A36F6EAB}.Release|Any CPU.Build.0 = Release|Any CPU
	EndGlobalSection
	GlobalSection(SolutionProperties) = preSolution
		HideSolutionNode = FALSE
	EndGlobalSection
	GlobalSection(ExtensibilityGlobals) = postSolution
		SolutionGuid = {E6EB59E1-8745-432F-B601-09739164D68D}
	EndGlobalSection
EndGlobal
